
Microsoft Visual Studio Solution File, Format Version 12.00
# Visual Studio 15
VisualStudioVersion = 15.0.26124.0
MinimumVisualStudioVersion = 15.0.26124.0
Project("{FAE04EC0-301F-11D3-BF4B-00C04F79EFBC}") = "Penguin.Analysis.Local", "Penguin.Analysis.Local.csproj", "{4A6EAA1C-0964-4880-A82C-53036E2BD0CC}"
EndProject
Project("{FAE04EC0-301F-11D3-BF4B-00C04F79EFBC}") = "Penguin.Debugging.Local", "..\Penguin.Debugging\Penguin.Debugging.Local.csproj", "{8294B001-2C43-4EB3-91FE-003EED2DC350}"
EndProject
Project("{FAE04EC0-301F-11D3-BF4B-00C04F79EFBC}") = "Penguin.Extensions.Exceptions.Local", "..\Penguin.Extensions.Exceptions\Penguin.Extensions.Exceptions.Local.csproj", "{F7987637-DF04-4E45-AF98-8C73A4E37AD0}"
EndProject
Project("{FAE04EC0-301F-11D3-BF4B-00C04F79EFBC}") = "Penguin.IO.Local", "..\Penguin.IO\Penguin.IO.Local.csproj", "{95188D82-049D-412E-866F-1E14608AD7C4}"
EndProject
Project("{FAE04EC0-301F-11D3-BF4B-00C04F79EFBC}") = "Penguin.Extensions.Collections.Local", "..\Penguin.Extensions.Collections\Penguin.Extensions.Collections.Local.csproj", "{3762BF37-67C7-4116-AF08-69CBC71B36D1}"
EndProject
Project("{FAE04EC0-301F-11D3-BF4B-00C04F79EFBC}") = "Penguin.Reflection.Extensions.Local", "..\Penguin.Reflection.Extensions\Penguin.Reflection.Extensions.Local.csproj", "{5C346AA5-57DE-4D3D-B0A5-203DD9596870}"
EndProject
Project("{FAE04EC0-301F-11D3-BF4B-00C04F79EFBC}") = "Penguin.Reflection.Abstractions.Local", "..\Penguin.Reflection.Abstractions\Penguin.Reflection.Abstractions.Local.csproj", "{E5ED0B69-0040-40DB-8204-F3AF1830197A}"
EndProject
Project("{FAE04EC0-301F-11D3-BF4B-00C04F79EFBC}") = "Penguin.Extensions.String.Local", "..\Penguin.Extensions.String\Penguin.Extensions.String.Local.csproj", "{F21394CD-1AF6-48C0-A7F5-0B628F8CA2F6}"
EndProject
Global
	GlobalSection(SolutionConfigurationPlatforms) = preSolution
		Debug|Any CPU = Debug|Any CPU
		Debug|x64 = Debug|x64
		Debug|x86 = Debug|x86
		Release|Any CPU = Release|Any CPU
		Release|x64 = Release|x64
		Release|x86 = Release|x86
	EndGlobalSection
	GlobalSection(SolutionProperties) = preSolution
		HideSolutionNode = FALSE
	EndGlobalSection
	GlobalSection(ProjectConfigurationPlatforms) = postSolution
		{4A6EAA1C-0964-4880-A82C-53036E2BD0CC}.Debug|Any CPU.ActiveCfg = Debug|Any CPU
		{4A6EAA1C-0964-4880-A82C-53036E2BD0CC}.Debug|Any CPU.Build.0 = Debug|Any CPU
		{4A6EAA1C-0964-4880-A82C-53036E2BD0CC}.Debug|x64.ActiveCfg = Debug|Any CPU
		{4A6EAA1C-0964-4880-A82C-53036E2BD0CC}.Debug|x64.Build.0 = Debug|Any CPU
		{4A6EAA1C-0964-4880-A82C-53036E2BD0CC}.Debug|x86.ActiveCfg = Debug|Any CPU
		{4A6EAA1C-0964-4880-A82C-53036E2BD0CC}.Debug|x86.Build.0 = Debug|Any CPU
		{4A6EAA1C-0964-4880-A82C-53036E2BD0CC}.Release|Any CPU.ActiveCfg = Release|Any CPU
		{4A6EAA1C-0964-4880-A82C-53036E2BD0CC}.Release|Any CPU.Build.0 = Release|Any CPU
		{4A6EAA1C-0964-4880-A82C-53036E2BD0CC}.Release|x64.ActiveCfg = Release|Any CPU
		{4A6EAA1C-0964-4880-A82C-53036E2BD0CC}.Release|x64.Build.0 = Release|Any CPU
		{4A6EAA1C-0964-4880-A82C-53036E2BD0CC}.Release|x86.ActiveCfg = Release|Any CPU
		{4A6EAA1C-0964-4880-A82C-53036E2BD0CC}.Release|x86.Build.0 = Release|Any CPU
		{8294B001-2C43-4EB3-91FE-003EED2DC350}.Debug|Any CPU.ActiveCfg = Debug|Any CPU
		{8294B001-2C43-4EB3-91FE-003EED2DC350}.Debug|Any CPU.Build.0 = Debug|Any CPU
		{8294B001-2C43-4EB3-91FE-003EED2DC350}.Debug|x64.ActiveCfg = Debug|Any CPU
		{8294B001-2C43-4EB3-91FE-003EED2DC350}.Debug|x64.Build.0 = Debug|Any CPU
		{8294B001-2C43-4EB3-91FE-003EED2DC350}.Debug|x86.ActiveCfg = Debug|Any CPU
		{8294B001-2C43-4EB3-91FE-003EED2DC350}.Debug|x86.Build.0 = Debug|Any CPU
		{8294B001-2C43-4EB3-91FE-003EED2DC350}.Release|Any CPU.ActiveCfg = Release|Any CPU
		{8294B001-2C43-4EB3-91FE-003EED2DC350}.Release|Any CPU.Build.0 = Release|Any CPU
		{8294B001-2C43-4EB3-91FE-003EED2DC350}.Release|x64.ActiveCfg = Release|Any CPU
		{8294B001-2C43-4EB3-91FE-003EED2DC350}.Release|x64.Build.0 = Release|Any CPU
		{8294B001-2C43-4EB3-91FE-003EED2DC350}.Release|x86.ActiveCfg = Release|Any CPU
		{8294B001-2C43-4EB3-91FE-003EED2DC350}.Release|x86.Build.0 = Release|Any CPU
		{F7987637-DF04-4E45-AF98-8C73A4E37AD0}.Debug|Any CPU.ActiveCfg = Debug|Any CPU
		{F7987637-DF04-4E45-AF98-8C73A4E37AD0}.Debug|Any CPU.Build.0 = Debug|Any CPU
		{F7987637-DF04-4E45-AF98-8C73A4E37AD0}.Debug|x64.ActiveCfg = Debug|Any CPU
		{F7987637-DF04-4E45-AF98-8C73A4E37AD0}.Debug|x64.Build.0 = Debug|Any CPU
		{F7987637-DF04-4E45-AF98-8C73A4E37AD0}.Debug|x86.ActiveCfg = Debug|Any CPU
		{F7987637-DF04-4E45-AF98-8C73A4E37AD0}.Debug|x86.Build.0 = Debug|Any CPU
		{F7987637-DF04-4E45-AF98-8C73A4E37AD0}.Release|Any CPU.ActiveCfg = Release|Any CPU
		{F7987637-DF04-4E45-AF98-8C73A4E37AD0}.Release|Any CPU.Build.0 = Release|Any CPU
		{F7987637-DF04-4E45-AF98-8C73A4E37AD0}.Release|x64.ActiveCfg = Release|Any CPU
		{F7987637-DF04-4E45-AF98-8C73A4E37AD0}.Release|x64.Build.0 = Release|Any CPU
		{F7987637-DF04-4E45-AF98-8C73A4E37AD0}.Release|x86.ActiveCfg = Release|Any CPU
		{F7987637-DF04-4E45-AF98-8C73A4E37AD0}.Release|x86.Build.0 = Release|Any CPU
		{95188D82-049D-412E-866F-1E14608AD7C4}.Debug|Any CPU.ActiveCfg = Debug|Any CPU
		{95188D82-049D-412E-866F-1E14608AD7C4}.Debug|Any CPU.Build.0 = Debug|Any CPU
		{95188D82-049D-412E-866F-1E14608AD7C4}.Debug|x64.ActiveCfg = Debug|Any CPU
		{95188D82-049D-412E-866F-1E14608AD7C4}.Debug|x64.Build.0 = Debug|Any CPU
		{95188D82-049D-412E-866F-1E14608AD7C4}.Debug|x86.ActiveCfg = Debug|Any CPU
		{95188D82-049D-412E-866F-1E14608AD7C4}.Debug|x86.Build.0 = Debug|Any CPU
		{95188D82-049D-412E-866F-1E14608AD7C4}.Release|Any CPU.ActiveCfg = Release|Any CPU
		{95188D82-049D-412E-866F-1E14608AD7C4}.Release|Any CPU.Build.0 = Release|Any CPU
		{95188D82-049D-412E-866F-1E14608AD7C4}.Release|x64.ActiveCfg = Release|Any CPU
		{95188D82-049D-412E-866F-1E14608AD7C4}.Release|x64.Build.0 = Release|Any CPU
		{95188D82-049D-412E-866F-1E14608AD7C4}.Release|x86.ActiveCfg = Release|Any CPU
		{95188D82-049D-412E-866F-1E14608AD7C4}.Release|x86.Build.0 = Release|Any CPU
		{3762BF37-67C7-4116-AF08-69CBC71B36D1}.Debug|Any CPU.ActiveCfg = Debug|Any CPU
		{3762BF37-67C7-4116-AF08-69CBC71B36D1}.Debug|Any CPU.Build.0 = Debug|Any CPU
		{3762BF37-67C7-4116-AF08-69CBC71B36D1}.Debug|x64.ActiveCfg = Debug|Any CPU
		{3762BF37-67C7-4116-AF08-69CBC71B36D1}.Debug|x64.Build.0 = Debug|Any CPU
		{3762BF37-67C7-4116-AF08-69CBC71B36D1}.Debug|x86.ActiveCfg = Debug|Any CPU
		{3762BF37-67C7-4116-AF08-69CBC71B36D1}.Debug|x86.Build.0 = Debug|Any CPU
		{3762BF37-67C7-4116-AF08-69CBC71B36D1}.Release|Any CPU.ActiveCfg = Release|Any CPU
		{3762BF37-67C7-4116-AF08-69CBC71B36D1}.Release|Any CPU.Build.0 = Release|Any CPU
		{3762BF37-67C7-4116-AF08-69CBC71B36D1}.Release|x64.ActiveCfg = Release|Any CPU
		{3762BF37-67C7-4116-AF08-69CBC71B36D1}.Release|x64.Build.0 = Release|Any CPU
		{3762BF37-67C7-4116-AF08-69CBC71B36D1}.Release|x86.ActiveCfg = Release|Any CPU
		{3762BF37-67C7-4116-AF08-69CBC71B36D1}.Release|x86.Build.0 = Release|Any CPU
		{5C346AA5-57DE-4D3D-B0A5-203DD9596870}.Debug|Any CPU.ActiveCfg = Debug|Any CPU
		{5C346AA5-57DE-4D3D-B0A5-203DD9596870}.Debug|Any CPU.Build.0 = Debug|Any CPU
		{5C346AA5-57DE-4D3D-B0A5-203DD9596870}.Debug|x64.ActiveCfg = Debug|Any CPU
		{5C346AA5-57DE-4D3D-B0A5-203DD9596870}.Debug|x64.Build.0 = Debug|Any CPU
		{5C346AA5-57DE-4D3D-B0A5-203DD9596870}.Debug|x86.ActiveCfg = Debug|Any CPU
		{5C346AA5-57DE-4D3D-B0A5-203DD9596870}.Debug|x86.Build.0 = Debug|Any CPU
		{5C346AA5-57DE-4D3D-B0A5-203DD9596870}.Release|Any CPU.ActiveCfg = Release|Any CPU
		{5C346AA5-57DE-4D3D-B0A5-203DD9596870}.Release|Any CPU.Build.0 = Release|Any CPU
		{5C346AA5-57DE-4D3D-B0A5-203DD9596870}.Release|x64.ActiveCfg = Release|Any CPU
		{5C346AA5-57DE-4D3D-B0A5-203DD9596870}.Release|x64.Build.0 = Release|Any CPU
		{5C346AA5-57DE-4D3D-B0A5-203DD9596870}.Release|x86.ActiveCfg = Release|Any CPU
		{5C346AA5-57DE-4D3D-B0A5-203DD9596870}.Release|x86.Build.0 = Release|Any CPU
		{E5ED0B69-0040-40DB-8204-F3AF1830197A}.Debug|Any CPU.ActiveCfg = Debug|Any CPU
		{E5ED0B69-0040-40DB-8204-F3AF1830197A}.Debug|Any CPU.Build.0 = Debug|Any CPU
		{E5ED0B69-0040-40DB-8204-F3AF1830197A}.Debug|x64.ActiveCfg = Debug|Any CPU
		{E5ED0B69-0040-40DB-8204-F3AF1830197A}.Debug|x64.Build.0 = Debug|Any CPU
		{E5ED0B69-0040-40DB-8204-F3AF1830197A}.Debug|x86.ActiveCfg = Debug|Any CPU
		{E5ED0B69-0040-40DB-8204-F3AF1830197A}.Debug|x86.Build.0 = Debug|Any CPU
		{E5ED0B69-0040-40DB-8204-F3AF1830197A}.Release|Any CPU.ActiveCfg = Release|Any CPU
		{E5ED0B69-0040-40DB-8204-F3AF1830197A}.Release|Any CPU.Build.0 = Release|Any CPU
		{E5ED0B69-0040-40DB-8204-F3AF1830197A}.Release|x64.ActiveCfg = Release|Any CPU
		{E5ED0B69-0040-40DB-8204-F3AF1830197A}.Release|x64.Build.0 = Release|Any CPU
		{E5ED0B69-0040-40DB-8204-F3AF1830197A}.Release|x86.ActiveCfg = Release|Any CPU
		{E5ED0B69-0040-40DB-8204-F3AF1830197A}.Release|x86.Build.0 = Release|Any CPU
		{F21394CD-1AF6-48C0-A7F5-0B628F8CA2F6}.Debug|Any CPU.ActiveCfg = Debug|Any CPU
		{F21394CD-1AF6-48C0-A7F5-0B628F8CA2F6}.Debug|Any CPU.Build.0 = Debug|Any CPU
		{F21394CD-1AF6-48C0-A7F5-0B628F8CA2F6}.Debug|x64.ActiveCfg = Debug|Any CPU
		{F21394CD-1AF6-48C0-A7F5-0B628F8CA2F6}.Debug|x64.Build.0 = Debug|Any CPU
		{F21394CD-1AF6-48C0-A7F5-0B628F8CA2F6}.Debug|x86.ActiveCfg = Debug|Any CPU
		{F21394CD-1AF6-48C0-A7F5-0B628F8CA2F6}.Debug|x86.Build.0 = Debug|Any CPU
		{F21394CD-1AF6-48C0-A7F5-0B628F8CA2F6}.Release|Any CPU.ActiveCfg = Release|Any CPU
		{F21394CD-1AF6-48C0-A7F5-0B628F8CA2F6}.Release|Any CPU.Build.0 = Release|Any CPU
		{F21394CD-1AF6-48C0-A7F5-0B628F8CA2F6}.Release|x64.ActiveCfg = Release|Any CPU
		{F21394CD-1AF6-48C0-A7F5-0B628F8CA2F6}.Release|x64.Build.0 = Release|Any CPU
		{F21394CD-1AF6-48C0-A7F5-0B628F8CA2F6}.Release|x86.ActiveCfg = Release|Any CPU
		{F21394CD-1AF6-48C0-A7F5-0B628F8CA2F6}.Release|x86.Build.0 = Release|Any CPU
	EndGlobalSection
EndGlobal
